
Microsoft Visual Studio Solution File, Format Version 12.00
# Visual Studio Version 16
VisualStudioVersion = 16.0.29102.190
MinimumVisualStudioVersion = 10.0.40219.1
Project("{FAE04EC0-301F-11D3-BF4B-00C04F79EFBC}") = "Localization", "Localization.csproj", "{D5C47A93-F050-487E-A266-221D5E8DC894}"
EndProject
Project("{9A19103F-16F7-4668-BE54-9A1E7A4F7556}") = "AspNetCore.Mvc.Extensions", "..\..\src\AspNetCore.Mvc.Extensions\AspNetCore.Mvc.Extensions.csproj", "{1127622B-886A-4E1D-B37F-29AB4D460C9C}"
EndProject
Global
	GlobalSection(SolutionConfigurationPlatforms) = preSolution
		Debug|Any CPU = Debug|Any CPU
		Release|Any CPU = Release|Any CPU
	EndGlobalSection
	GlobalSection(ProjectConfigurationPlatforms) = postSolution
		{D5C47A93-F050-487E-A266-221D5E8DC894}.Debug|Any CPU.ActiveCfg = Debug|Any CPU
		{D5C47A93-F050-487E-A266-221D5E8DC894}.Debug|Any CPU.Build.0 = Debug|Any CPU
		{D5C47A93-F050-487E-A266-221D5E8DC894}.Release|Any CPU.ActiveCfg = Release|Any CPU
		{D5C47A93-F050-487E-A266-221D5E8DC894}.Release|Any CPU.Build.0 = Release|Any CPU
		{1127622B-886A-4E1D-B37F-29AB4D460C9C}.Debug|Any CPU.ActiveCfg = Debug|Any CPU
		{1127622B-886A-4E1D-B37F-29AB4D460C9C}.Debug|Any CPU.Build.0 = Debug|Any CPU
		{1127622B-886A-4E1D-B37F-29AB4D460C9C}.Release|Any CPU.ActiveCfg = Release|Any CPU
		{1127622B-886A-4E1D-B37F-29AB4D460C9C}.Release|Any CPU.Build.0 = Release|Any CPU
	EndGlobalSection
	GlobalSection(SolutionProperties) = preSolution
		HideSolutionNode = FALSE
	EndGlobalSection
	GlobalSection(ExtensibilityGlobals) = postSolution
		SolutionGuid = {FDCA94E7-9593-4E9A-A1B8-53BB3F1330DD}
	EndGlobalSection
EndGlobal
