
Microsoft Visual Studio Solution File, Format Version 12.00
# Visual Studio Version 16
VisualStudioVersion = 16.0.29209.152
MinimumVisualStudioVersion = 10.0.40219.1
Project("{9A19103F-16F7-4668-BE54-9A1E7A4F7556}") = "TemplateAspNetCore3", "TemplateAspNetCore3.csproj", "{C7440C78-96E0-4864-8020-A9E144C35530}"
EndProject
Project("{9A19103F-16F7-4668-BE54-9A1E7A4F7556}") = "AspNetCore.Mvc.Extensions", "..\..\src\AspNetCore.Mvc.Extensions\AspNetCore.Mvc.Extensions.csproj", "{11D13B5B-0CC0-4795-92E9-3ACF63313D6C}"
EndProject
Global
	GlobalSection(SolutionConfigurationPlatforms) = preSolution
		Debug|Any CPU = Debug|Any CPU
		Release|Any CPU = Release|Any CPU
	EndGlobalSection
	GlobalSection(ProjectConfigurationPlatforms) = postSolution
		{C7440C78-96E0-4864-8020-A9E144C35530}.Debug|Any CPU.ActiveCfg = Debug|Any CPU
		{C7440C78-96E0-4864-8020-A9E144C35530}.Debug|Any CPU.Build.0 = Debug|Any CPU
		{C7440C78-96E0-4864-8020-A9E144C35530}.Release|Any CPU.ActiveCfg = Release|Any CPU
		{C7440C78-96E0-4864-8020-A9E144C35530}.Release|Any CPU.Build.0 = Release|Any CPU
		{11D13B5B-0CC0-4795-92E9-3ACF63313D6C}.Debug|Any CPU.ActiveCfg = Debug|Any CPU
		{11D13B5B-0CC0-4795-92E9-3ACF63313D6C}.Debug|Any CPU.Build.0 = Debug|Any CPU
		{11D13B5B-0CC0-4795-92E9-3ACF63313D6C}.Release|Any CPU.ActiveCfg = Release|Any CPU
		{11D13B5B-0CC0-4795-92E9-3ACF63313D6C}.Release|Any CPU.Build.0 = Release|Any CPU
	EndGlobalSection
	GlobalSection(SolutionProperties) = preSolution
		HideSolutionNode = FALSE
	EndGlobalSection
	GlobalSection(ExtensibilityGlobals) = postSolution
		SolutionGuid = {B9DD14F7-5FCB-4934-BFB3-30265173A769}
	EndGlobalSection
EndGlobal
